
Microsoft Visual Studio Solution File, Format Version 12.00
# Visual Studio Version 17
VisualStudioVersion = 17.0.31612.314
MinimumVisualStudioVersion = 10.0.40219.1
Project("{9A19103F-16F7-4668-BE54-9A1E7A4F7556}") = "Vossers.BlazorWasmSignalrIssue.Shared", "Vossers.BlazorWasmSignalrIssue.Shared\Vossers.BlazorWasmSignalrIssue.Shared.csproj", "{14072352-0FFE-43D3-905A-26F4281A0150}"
EndProject
Project("{9A19103F-16F7-4668-BE54-9A1E7A4F7556}") = "Vossers.BlazorWasmSignalrIssue.SignalrServer", "Vossers.BlazorWasmSignalrIssue.SignalrServer\Vossers.BlazorWasmSignalrIssue.SignalrServer.csproj", "{3930B34C-07AD-49D9-BF70-5C415592C1F3}"
EndProject
Project("{9A19103F-16F7-4668-BE54-9A1E7A4F7556}") = "Vossers.BlazorWasmSignalrIssue.WebAssemblyClient", "Vossers.BlazorWasmSignalrIssue.WebAssemblyClient\Vossers.BlazorWasmSignalrIssue.WebAssemblyClient.csproj", "{44C58CDF-287D-4A94-A233-4BBB78B93B48}"
EndProject
Global
	GlobalSection(SolutionConfigurationPlatforms) = preSolution
		Debug|Any CPU = Debug|Any CPU
		Release|Any CPU = Release|Any CPU
	EndGlobalSection
	GlobalSection(ProjectConfigurationPlatforms) = postSolution
		{14072352-0FFE-43D3-905A-26F4281A0150}.Debug|Any CPU.ActiveCfg = Debug|Any CPU
		{14072352-0FFE-43D3-905A-26F4281A0150}.Debug|Any CPU.Build.0 = Debug|Any CPU
		{14072352-0FFE-43D3-905A-26F4281A0150}.Release|Any CPU.ActiveCfg = Release|Any CPU
		{14072352-0FFE-43D3-905A-26F4281A0150}.Release|Any CPU.Build.0 = Release|Any CPU
		{3930B34C-07AD-49D9-BF70-5C415592C1F3}.Debug|Any CPU.ActiveCfg = Debug|Any CPU
		{3930B34C-07AD-49D9-BF70-5C415592C1F3}.Debug|Any CPU.Build.0 = Debug|Any CPU
		{3930B34C-07AD-49D9-BF70-5C415592C1F3}.Release|Any CPU.ActiveCfg = Release|Any CPU
		{3930B34C-07AD-49D9-BF70-5C415592C1F3}.Release|Any CPU.Build.0 = Release|Any CPU
		{44C58CDF-287D-4A94-A233-4BBB78B93B48}.Debug|Any CPU.ActiveCfg = Debug|Any CPU
		{44C58CDF-287D-4A94-A233-4BBB78B93B48}.Debug|Any CPU.Build.0 = Debug|Any CPU
		{44C58CDF-287D-4A94-A233-4BBB78B93B48}.Release|Any CPU.ActiveCfg = Release|Any CPU
		{44C58CDF-287D-4A94-A233-4BBB78B93B48}.Release|Any CPU.Build.0 = Release|Any CPU
	EndGlobalSection
	GlobalSection(SolutionProperties) = preSolution
		HideSolutionNode = FALSE
	EndGlobalSection
	GlobalSection(ExtensibilityGlobals) = postSolution
		SolutionGuid = {83A7FDAB-44BC-4F39-A17D-ED97BFB23761}
	EndGlobalSection
EndGlobal
